
Microsoft Visual Studio Solution File, Format Version 12.00
# Visual Studio 14
VisualStudioVersion = 14.0.25420.1
MinimumVisualStudioVersion = 10.0.40219.1
Project("{FAE04EC0-301F-11D3-BF4B-00C04F79EFBC}") = "FizzBuzz", "FizzBuzz\FizzBuzz.csproj", "{57BED22C-0B14-4CD1-9AED-42489AC1F5C6}"
EndProject
Project("{FAE04EC0-301F-11D3-BF4B-00C04F79EFBC}") = "FizzBuzz.Library", "FizzBuzz.Library\FizzBuzz.Library.csproj", "{C3573814-1C48-4A3F-A4DB-BB900A2101EB}"
EndProject
Project("{FAE04EC0-301F-11D3-BF4B-00C04F79EFBC}") = "FizzBuzz.Tests", "FizzBuzz.Tests\FizzBuzz.Tests.csproj", "{384A8CE2-241B-4AB5-8E5C-67F67C090246}"
EndProject
Global
	GlobalSection(SolutionConfigurationPlatforms) = preSolution
		Debug|Any CPU = Debug|Any CPU
		Release|Any CPU = Release|Any CPU
	EndGlobalSection
	GlobalSection(ProjectConfigurationPlatforms) = postSolution
		{57BED22C-0B14-4CD1-9AED-42489AC1F5C6}.Debug|Any CPU.ActiveCfg = Debug|Any CPU
		{57BED22C-0B14-4CD1-9AED-42489AC1F5C6}.Debug|Any CPU.Build.0 = Debug|Any CPU
		{57BED22C-0B14-4CD1-9AED-42489AC1F5C6}.Release|Any CPU.ActiveCfg = Release|Any CPU
		{57BED22C-0B14-4CD1-9AED-42489AC1F5C6}.Release|Any CPU.Build.0 = Release|Any CPU
		{C3573814-1C48-4A3F-A4DB-BB900A2101EB}.Debug|Any CPU.ActiveCfg = Debug|Any CPU
		{C3573814-1C48-4A3F-A4DB-BB900A2101EB}.Debug|Any CPU.Build.0 = Debug|Any CPU
		{C3573814-1C48-4A3F-A4DB-BB900A2101EB}.Release|Any CPU.ActiveCfg = Release|Any CPU
		{C3573814-1C48-4A3F-A4DB-BB900A2101EB}.Release|Any CPU.Build.0 = Release|Any CPU
		{384A8CE2-241B-4AB5-8E5C-67F67C090246}.Debug|Any CPU.ActiveCfg = Debug|Any CPU
		{384A8CE2-241B-4AB5-8E5C-67F67C090246}.Debug|Any CPU.Build.0 = Debug|Any CPU
		{384A8CE2-241B-4AB5-8E5C-67F67C090246}.Release|Any CPU.ActiveCfg = Release|Any CPU
		{384A8CE2-241B-4AB5-8E5C-67F67C090246}.Release|Any CPU.Build.0 = Release|Any CPU
	EndGlobalSection
	GlobalSection(SolutionProperties) = preSolution
		HideSolutionNode = FALSE
	EndGlobalSection
EndGlobal
